
Microsoft Visual Studio Solution File, Format Version 12.00
# Visual Studio Version 17
VisualStudioVersion = 17.14.36414.22
MinimumVisualStudioVersion = 10.0.40219.1
Project("{2150E333-8FDC-42A3-9474-1A3956D46DE8}") = "services", "services", "{02EA681E-C7D8-13C7-8484-4AC65E1B71E8}"
EndProject
Project("{2150E333-8FDC-42A3-9474-1A3956D46DE8}") = "catalog", "catalog", "{A504235C-1E57-48D9-868B-7D58F6438A76}"
EndProject
Project("{2150E333-8FDC-42A3-9474-1A3956D46DE8}") = "borrowing", "borrowing", "{E9C3719A-F2A7-4829-90F7-2AC15E466DF9}"
EndProject
Project("{2150E333-8FDC-42A3-9474-1A3956D46DE8}") = "report", "report", "{6D6D769C-39CD-4DFB-A377-0AA7EA1CD366}"
EndProject
Project("{2150E333-8FDC-42A3-9474-1A3956D46DE8}") = "search", "search", "{75D76597-602A-4FAC-ADFA-081F046F392D}"
EndProject
Project("{2150E333-8FDC-42A3-9474-1A3956D46DE8}") = "Docker", "Docker", "{8EC462FD-D22E-90A8-E5CE-7E832BA40C5D}"
	ProjectSection(SolutionItems) = preProject
		docker-compose.yml = docker-compose.yml
	EndProjectSection
EndProject
Project("{FAE04EC0-301F-11D3-BF4B-00C04F79EFBC}") = "Application", "services\borrowing\Application\Application.csproj", "{F894BF9D-CD88-96B6-D8E2-0482EC996068}"
EndProject
Project("{FAE04EC0-301F-11D3-BF4B-00C04F79EFBC}") = "Domain", "services\borrowing\Domain\Domain.csproj", "{84A463C9-53AD-B076-2F4F-E0FBA0899326}"
EndProject
Project("{FAE04EC0-301F-11D3-BF4B-00C04F79EFBC}") = "Messages.Borrowing", "services\borrowing\Message.Borrowing\Messages.Borrowing.csproj", "{11CBE18F-F113-06A1-2B1A-10523AC0F597}"
EndProject
Project("{FAE04EC0-301F-11D3-BF4B-00C04F79EFBC}") = "Presentation", "services\borrowing\Presentation\Presentation.csproj", "{4EB9C3A1-0858-BF0F-B691-3E3C7E0AFA09}"
EndProject
Project("{FAE04EC0-301F-11D3-BF4B-00C04F79EFBC}") = "Application", "services\catalog\Application\Application.csproj", "{19AA3930-6927-2155-AC4E-719416DCD96C}"
EndProject
Project("{FAE04EC0-301F-11D3-BF4B-00C04F79EFBC}") = "Messages.Catalog", "services\catalog\Catalog.Messages\Messages.Catalog.csproj", "{5926BA61-B84F-FB51-319E-3CA51D1568A0}"
EndProject
Project("{FAE04EC0-301F-11D3-BF4B-00C04F79EFBC}") = "Domain", "services\catalog\Domain\Domain.csproj", "{FA9C30B7-3C8A-3880-BFB2-9C66F7ABA418}"
EndProject
Project("{FAE04EC0-301F-11D3-BF4B-00C04F79EFBC}") = "Infranstructure", "services\catalog\Infranstructure\Infranstructure.csproj", "{B7990A1B-6D13-53A5-67A2-E8E2EB0C70F0}"
EndProject
Project("{FAE04EC0-301F-11D3-BF4B-00C04F79EFBC}") = "Presentation", "services\catalog\Presentation\Presentation.csproj", "{4F161196-1827-3C48-CD5D-6098631D02D4}"
EndProject
Project("{FAE04EC0-301F-11D3-BF4B-00C04F79EFBC}") = "Infranstructure", "services\borrowing\Infranstructure\Infranstructure.csproj", "{8E214F50-8F14-B1DA-5D91-DA03189DA24F}"
EndProject
Global
	GlobalSection(SolutionConfigurationPlatforms) = preSolution
		Debug|Any CPU = Debug|Any CPU
		Release|Any CPU = Release|Any CPU
	EndGlobalSection
	GlobalSection(ProjectConfigurationPlatforms) = postSolution
		{F894BF9D-CD88-96B6-D8E2-0482EC996068}.Debug|Any CPU.ActiveCfg = Debug|Any CPU
		{F894BF9D-CD88-96B6-D8E2-0482EC996068}.Debug|Any CPU.Build.0 = Debug|Any CPU
		{F894BF9D-CD88-96B6-D8E2-0482EC996068}.Release|Any CPU.ActiveCfg = Release|Any CPU
		{F894BF9D-CD88-96B6-D8E2-0482EC996068}.Release|Any CPU.Build.0 = Release|Any CPU
		{84A463C9-53AD-B076-2F4F-E0FBA0899326}.Debug|Any CPU.ActiveCfg = Debug|Any CPU
		{84A463C9-53AD-B076-2F4F-E0FBA0899326}.Debug|Any CPU.Build.0 = Debug|Any CPU
		{84A463C9-53AD-B076-2F4F-E0FBA0899326}.Release|Any CPU.ActiveCfg = Release|Any CPU
		{84A463C9-53AD-B076-2F4F-E0FBA0899326}.Release|Any CPU.Build.0 = Release|Any CPU
		{11CBE18F-F113-06A1-2B1A-10523AC0F597}.Debug|Any CPU.ActiveCfg = Debug|Any CPU
		{11CBE18F-F113-06A1-2B1A-10523AC0F597}.Debug|Any CPU.Build.0 = Debug|Any CPU
		{11CBE18F-F113-06A1-2B1A-10523AC0F597}.Release|Any CPU.ActiveCfg = Release|Any CPU
		{11CBE18F-F113-06A1-2B1A-10523AC0F597}.Release|Any CPU.Build.0 = Release|Any CPU
		{4EB9C3A1-0858-BF0F-B691-3E3C7E0AFA09}.Debug|Any CPU.ActiveCfg = Debug|Any CPU
		{4EB9C3A1-0858-BF0F-B691-3E3C7E0AFA09}.Debug|Any CPU.Build.0 = Debug|Any CPU
		{4EB9C3A1-0858-BF0F-B691-3E3C7E0AFA09}.Release|Any CPU.ActiveCfg = Release|Any CPU
		{4EB9C3A1-0858-BF0F-B691-3E3C7E0AFA09}.Release|Any CPU.Build.0 = Release|Any CPU
		{19AA3930-6927-2155-AC4E-719416DCD96C}.Debug|Any CPU.ActiveCfg = Debug|Any CPU
		{19AA3930-6927-2155-AC4E-719416DCD96C}.Debug|Any CPU.Build.0 = Debug|Any CPU
		{19AA3930-6927-2155-AC4E-719416DCD96C}.Release|Any CPU.ActiveCfg = Release|Any CPU
		{19AA3930-6927-2155-AC4E-719416DCD96C}.Release|Any CPU.Build.0 = Release|Any CPU
		{5926BA61-B84F-FB51-319E-3CA51D1568A0}.Debug|Any CPU.ActiveCfg = Debug|Any CPU
		{5926BA61-B84F-FB51-319E-3CA51D1568A0}.Debug|Any CPU.Build.0 = Debug|Any CPU
		{5926BA61-B84F-FB51-319E-3CA51D1568A0}.Release|Any CPU.ActiveCfg = Release|Any CPU
		{5926BA61-B84F-FB51-319E-3CA51D1568A0}.Release|Any CPU.Build.0 = Release|Any CPU
		{FA9C30B7-3C8A-3880-BFB2-9C66F7ABA418}.Debug|Any CPU.ActiveCfg = Debug|Any CPU
		{FA9C30B7-3C8A-3880-BFB2-9C66F7ABA418}.Debug|Any CPU.Build.0 = Debug|Any CPU
		{FA9C30B7-3C8A-3880-BFB2-9C66F7ABA418}.Release|Any CPU.ActiveCfg = Release|Any CPU
		{FA9C30B7-3C8A-3880-BFB2-9C66F7ABA418}.Release|Any CPU.Build.0 = Release|Any CPU
		{B7990A1B-6D13-53A5-67A2-E8E2EB0C70F0}.Debug|Any CPU.ActiveCfg = Debug|Any CPU
		{B7990A1B-6D13-53A5-67A2-E8E2EB0C70F0}.Debug|Any CPU.Build.0 = Debug|Any CPU
		{B7990A1B-6D13-53A5-67A2-E8E2EB0C70F0}.Release|Any CPU.ActiveCfg = Release|Any CPU
		{B7990A1B-6D13-53A5-67A2-E8E2EB0C70F0}.Release|Any CPU.Build.0 = Release|Any CPU
		{4F161196-1827-3C48-CD5D-6098631D02D4}.Debug|Any CPU.ActiveCfg = Debug|Any CPU
		{4F161196-1827-3C48-CD5D-6098631D02D4}.Debug|Any CPU.Build.0 = Debug|Any CPU
		{4F161196-1827-3C48-CD5D-6098631D02D4}.Release|Any CPU.ActiveCfg = Release|Any CPU
		{4F161196-1827-3C48-CD5D-6098631D02D4}.Release|Any CPU.Build.0 = Release|Any CPU
		{8E214F50-8F14-B1DA-5D91-DA03189DA24F}.Debug|Any CPU.ActiveCfg = Debug|Any CPU
		{8E214F50-8F14-B1DA-5D91-DA03189DA24F}.Debug|Any CPU.Build.0 = Debug|Any CPU
		{8E214F50-8F14-B1DA-5D91-DA03189DA24F}.Release|Any CPU.ActiveCfg = Release|Any CPU
		{8E214F50-8F14-B1DA-5D91-DA03189DA24F}.Release|Any CPU.Build.0 = Release|Any CPU
	EndGlobalSection
	GlobalSection(SolutionProperties) = preSolution
		HideSolutionNode = FALSE
	EndGlobalSection
	GlobalSection(NestedProjects) = preSolution
		{A504235C-1E57-48D9-868B-7D58F6438A76} = {02EA681E-C7D8-13C7-8484-4AC65E1B71E8}
		{E9C3719A-F2A7-4829-90F7-2AC15E466DF9} = {02EA681E-C7D8-13C7-8484-4AC65E1B71E8}
		{6D6D769C-39CD-4DFB-A377-0AA7EA1CD366} = {02EA681E-C7D8-13C7-8484-4AC65E1B71E8}
		{75D76597-602A-4FAC-ADFA-081F046F392D} = {02EA681E-C7D8-13C7-8484-4AC65E1B71E8}
		{F894BF9D-CD88-96B6-D8E2-0482EC996068} = {E9C3719A-F2A7-4829-90F7-2AC15E466DF9}
		{84A463C9-53AD-B076-2F4F-E0FBA0899326} = {E9C3719A-F2A7-4829-90F7-2AC15E466DF9}
		{11CBE18F-F113-06A1-2B1A-10523AC0F597} = {E9C3719A-F2A7-4829-90F7-2AC15E466DF9}
		{4EB9C3A1-0858-BF0F-B691-3E3C7E0AFA09} = {E9C3719A-F2A7-4829-90F7-2AC15E466DF9}
		{19AA3930-6927-2155-AC4E-719416DCD96C} = {A504235C-1E57-48D9-868B-7D58F6438A76}
		{5926BA61-B84F-FB51-319E-3CA51D1568A0} = {A504235C-1E57-48D9-868B-7D58F6438A76}
		{FA9C30B7-3C8A-3880-BFB2-9C66F7ABA418} = {A504235C-1E57-48D9-868B-7D58F6438A76}
		{B7990A1B-6D13-53A5-67A2-E8E2EB0C70F0} = {A504235C-1E57-48D9-868B-7D58F6438A76}
		{4F161196-1827-3C48-CD5D-6098631D02D4} = {A504235C-1E57-48D9-868B-7D58F6438A76}
		{8E214F50-8F14-B1DA-5D91-DA03189DA24F} = {E9C3719A-F2A7-4829-90F7-2AC15E466DF9}
	EndGlobalSection
	GlobalSection(ExtensibilityGlobals) = postSolution
		SolutionGuid = {81CE0D38-B1D1-4014-96B2-14A8A78BB602}
	EndGlobalSection
EndGlobal
